
Microsoft Visual Studio Solution File, Format Version 12.00
# Visual Studio 15
VisualStudioVersion = 15.0.27703.2042
MinimumVisualStudioVersion = 10.0.40219.1
Project("{FAE04EC0-301F-11D3-BF4B-00C04F79EFBC}") = "HelloWord", "HelloWord\HelloWord.csproj", "{793BB0C6-B629-46A3-BE52-CAD492246CDA}"
EndProject
Global
	GlobalSection(SolutionConfigurationPlatforms) = preSolution
		Debug|Any CPU = Debug|Any CPU
		Release|Any CPU = Release|Any CPU
	EndGlobalSection
	GlobalSection(ProjectConfigurationPlatforms) = postSolution
		{793BB0C6-B629-46A3-BE52-CAD492246CDA}.Debug|Any CPU.ActiveCfg = Debug|Any CPU
		{793BB0C6-B629-46A3-BE52-CAD492246CDA}.Debug|Any CPU.Build.0 = Debug|Any CPU
		{793BB0C6-B629-46A3-BE52-CAD492246CDA}.Release|Any CPU.ActiveCfg = Release|Any CPU
		{793BB0C6-B629-46A3-BE52-CAD492246CDA}.Release|Any CPU.Build.0 = Release|Any CPU
	EndGlobalSection
	GlobalSection(SolutionProperties) = preSolution
		HideSolutionNode = FALSE
	EndGlobalSection
	GlobalSection(ExtensibilityGlobals) = postSolution
		SolutionGuid = {28028773-F1F4-4735-A4DE-F8D2CB0BD368}
	EndGlobalSection
EndGlobal
